{
  "version": 4,
  "terraform_version": "1.7.5",
  "serial": 5,
  "lineage": "f3003281-53c5-4766-f152-08f98c4f9e1d",
  "outputs": {
    "ipv4": {
      "value": "159.223.81.145",
      "type": "string"
    }
  },
  "resources": [
    {
      "mode": "data",
      "type": "digitalocean_ssh_key",
      "name": "macbook-air-ssh-public-key",
      "provider": "provider[\"registry.terraform.io/digitalocean/digitalocean\"]",
      "instances": [
        {
          "schema_version": 0,
          "attributes": {
            "fingerprint": "70:de:77:03:22:58:35:10:f1:55:76:fa:1e:2b:96:24",
            "id": 40737444,
            "name": "Shravankumars-MacBook-Air.local",
            "public_key": "ssh-rsa AAAAB3NzaC1yc2EAAAADAQABAAABgQCYfBpG3AALrHIfayUaIHoxbZByyEqTlNJdeLLdbW64K8DnQGY1ra8gdcx/AoMzjmP2UKJwTaigHoH3mKuUeb7LxX74/Pd2JqAyCMrJtrW/Ll20ApcxrxXI5cUM1mEcsFTcAh9fnkq+boV/NXKnWBkHacc/gBq9Ij6rHsCfObBQLjWCms1TG8jqAj6hxr4fuvrFWgpUUiHHVidHaGd38B10bCpaLYR/O/Z/moRCcvJDdsAJNwHvZcgMluZK33b7RtU/9fHHzbm69qfJXU7cco4wnJVhEa6gVXMr7dM6ExrVaflhdB/D/nvfWYrOGcnIY2H8OK9/w+2KOpELj/VofcnIEuFqVoDuZ9Ur7kFhBvyChdves95Xswgh+ThvSYJqPUeWIlTz/vzuhp1C4tWwvEcxY4utjezUZ6uwKifByDLkvgKkM4baHymhYXAIqY5gcxzjw+RyiFzJz/7bdicnCGMGwYalWfAACImdAZ/pV2w5rW44PfTEXZMie7CaAOZGd4k= hiruzen@Shravankumars-MacBook-Air.local"
          },
          "sensitive_attributes": []
        }
      ]
    },
    {
      "mode": "managed",
      "type": "digitalocean_droplet",
      "name": "dev-ubuntu-sgp1-1vcpu-1gb",
      "provider": "provider[\"registry.terraform.io/digitalocean/digitalocean\"]",
      "instances": [
        {
          "schema_version": 1,
          "attributes": {
            "backups": false,
            "created_at": "2024-03-19T16:37:08Z",
            "disk": 25,
            "droplet_agent": null,
            "graceful_shutdown": false,
            "id": "407887923",
            "image": "ubuntu-23-10-x64",
            "ipv4_address": "159.223.81.145",
            "ipv4_address_private": "10.104.0.2",
            "ipv6": false,
            "ipv6_address": "",
            "locked": false,
            "memory": 1024,
            "monitoring": false,
            "name": "ubuntu-sgp1-1vcpu-1gb",
            "price_hourly": 0.00893,
            "price_monthly": 6,
            "private_networking": true,
            "region": "sgp1",
            "resize_disk": true,
            "size": "s-1vcpu-1gb",
            "ssh_keys": [
              "40737444"
            ],
            "status": "active",
            "tags": [
              "dev",
              "docker"
            ],
            "timeouts": null,
            "urn": "do:droplet:407887923",
            "user_data": "84c2308a888f5830ed507fa0db7953b9fe1ed680",
            "vcpus": 1,
            "volume_ids": [],
            "vpc_uuid": "55ac0c7f-da98-4270-9246-b82775ae6e0b"
          },
          "sensitive_attributes": [],
          "private": "eyJlMmJmYjczMC1lY2FhLTExZTYtOGY4OC0zNDM2M2JjN2M0YzAiOnsiY3JlYXRlIjozNjAwMDAwMDAwMDAwLCJkZWxldGUiOjYwMDAwMDAwMDAwLCJ1cGRhdGUiOjM2MDAwMDAwMDAwMDB9LCJzY2hlbWFfdmVyc2lvbiI6IjEifQ==",
          "dependencies": [
            "data.digitalocean_ssh_key.macbook-air-ssh-public-key"
          ]
        }
      ]
    }
  ],
  "check_results": null
}
